
Microsoft Visual Studio Solution File, Format Version 12.00
# Visual Studio Version 17
VisualStudioVersion = 17.5.33502.453
MinimumVisualStudioVersion = 10.0.40219.1
Project("{FAE04EC0-301F-11D3-BF4B-00C04F79EFBC}") = "Lab2_3", "Lab2_3.csproj", "{7350E476-98B0-4E6E-9AAD-21E68AA6FE9C}"
EndProject
Global
	GlobalSection(SolutionConfigurationPlatforms) = preSolution
		Debug|Any CPU = Debug|Any CPU
		Release|Any CPU = Release|Any CPU
	EndGlobalSection
	GlobalSection(ProjectConfigurationPlatforms) = postSolution
		{7350E476-98B0-4E6E-9AAD-21E68AA6FE9C}.Debug|Any CPU.ActiveCfg = Debug|Any CPU
		{7350E476-98B0-4E6E-9AAD-21E68AA6FE9C}.Debug|Any CPU.Build.0 = Debug|Any CPU
		{7350E476-98B0-4E6E-9AAD-21E68AA6FE9C}.Release|Any CPU.ActiveCfg = Release|Any CPU
		{7350E476-98B0-4E6E-9AAD-21E68AA6FE9C}.Release|Any CPU.Build.0 = Release|Any CPU
	EndGlobalSection
	GlobalSection(SolutionProperties) = preSolution
		HideSolutionNode = FALSE
	EndGlobalSection
	GlobalSection(ExtensibilityGlobals) = postSolution
		SolutionGuid = {EB3F7045-9EF1-4DD4-9FFE-6BFAB55B1CD2}
	EndGlobalSection
EndGlobal
