
Microsoft Visual Studio Solution File, Format Version 12.00
# Visual Studio Version 17
VisualStudioVersion = 17.5.33502.453
MinimumVisualStudioVersion = 10.0.40219.1
Project("{FAE04EC0-301F-11D3-BF4B-00C04F79EFBC}") = "Lab2_1", "Lab2_1.csproj", "{AD7C7BFA-2100-46D9-A045-281C324019AA}"
EndProject
Global
	GlobalSection(SolutionConfigurationPlatforms) = preSolution
		Debug|Any CPU = Debug|Any CPU
		Release|Any CPU = Release|Any CPU
	EndGlobalSection
	GlobalSection(ProjectConfigurationPlatforms) = postSolution
		{AD7C7BFA-2100-46D9-A045-281C324019AA}.Debug|Any CPU.ActiveCfg = Debug|Any CPU
		{AD7C7BFA-2100-46D9-A045-281C324019AA}.Debug|Any CPU.Build.0 = Debug|Any CPU
		{AD7C7BFA-2100-46D9-A045-281C324019AA}.Release|Any CPU.ActiveCfg = Release|Any CPU
		{AD7C7BFA-2100-46D9-A045-281C324019AA}.Release|Any CPU.Build.0 = Release|Any CPU
	EndGlobalSection
	GlobalSection(SolutionProperties) = preSolution
		HideSolutionNode = FALSE
	EndGlobalSection
	GlobalSection(ExtensibilityGlobals) = postSolution
		SolutionGuid = {593E521A-E4AF-4039-A6B1-3E6F7D1A993F}
	EndGlobalSection
EndGlobal
